
Microsoft Visual Studio Solution File, Format Version 12.00
# Visual Studio Version 16
VisualStudioVersion = 16.0.29806.167
MinimumVisualStudioVersion = 10.0.40219.1
Project("{FAE04EC0-301F-11D3-BF4B-00C04F79EFBC}") = "Pluralsight.API", "Pluralsight.API\Pluralsight.API.csproj", "{619792CF-AEEC-4709-9B92-7A5C8065AA50}"
EndProject
Global
	GlobalSection(SolutionConfigurationPlatforms) = preSolution
		Debug|Any CPU = Debug|Any CPU
		Release|Any CPU = Release|Any CPU
	EndGlobalSection
	GlobalSection(ProjectConfigurationPlatforms) = postSolution
		{619792CF-AEEC-4709-9B92-7A5C8065AA50}.Debug|Any CPU.ActiveCfg = Debug|Any CPU
		{619792CF-AEEC-4709-9B92-7A5C8065AA50}.Debug|Any CPU.Build.0 = Debug|Any CPU
		{619792CF-AEEC-4709-9B92-7A5C8065AA50}.Release|Any CPU.ActiveCfg = Release|Any CPU
		{619792CF-AEEC-4709-9B92-7A5C8065AA50}.Release|Any CPU.Build.0 = Release|Any CPU
	EndGlobalSection
	GlobalSection(SolutionProperties) = preSolution
		HideSolutionNode = FALSE
	EndGlobalSection
	GlobalSection(ExtensibilityGlobals) = postSolution
		SolutionGuid = {AAF813E1-2A62-410C-B654-0233FE8AE6DF}
	EndGlobalSection
EndGlobal
