
Microsoft Visual Studio Solution File, Format Version 12.00
# Visual Studio 15
VisualStudioVersion = 15.0.28307.1000
MinimumVisualStudioVersion = 10.0.40219.1
Project("{159641D6-6404-4A2A-AE62-294DE0FE8301}") = "SSIS_Mohan", "SSIS_Mohan\SSIS_Mohan.dtproj", "{46CF1227-E85C-4EB1-86E2-C234A27D602C}"
EndProject
Global
	GlobalSection(SolutionConfigurationPlatforms) = preSolution
		Development|Default = Development|Default
	EndGlobalSection
	GlobalSection(ProjectConfigurationPlatforms) = postSolution
		{46CF1227-E85C-4EB1-86E2-C234A27D602C}.Development|Default.ActiveCfg = Development
		{46CF1227-E85C-4EB1-86E2-C234A27D602C}.Development|Default.Build.0 = Development
	EndGlobalSection
	GlobalSection(SolutionProperties) = preSolution
		HideSolutionNode = FALSE
	EndGlobalSection
	GlobalSection(ExtensibilityGlobals) = postSolution
		SolutionGuid = {F032E59B-6BFB-471F-B65F-B0D4852B1E76}
	EndGlobalSection
EndGlobal
